
Microsoft Visual Studio Solution File, Format Version 12.00
# Visual Studio Version 16
VisualStudioVersion = 16.0.30309.148
MinimumVisualStudioVersion = 10.0.40219.1
Project("{9A19103F-16F7-4668-BE54-9A1E7A4F7556}") = "InstagramBackend", "InstagramBackend\InstagramBackend.csproj", "{DDBC92A9-73E9-489A-980B-20498A1816EF}"
EndProject
Global
	GlobalSection(SolutionConfigurationPlatforms) = preSolution
		Debug|Any CPU = Debug|Any CPU
		Release|Any CPU = Release|Any CPU
	EndGlobalSection
	GlobalSection(ProjectConfigurationPlatforms) = postSolution
		{DDBC92A9-73E9-489A-980B-20498A1816EF}.Debug|Any CPU.ActiveCfg = Debug|Any CPU
		{DDBC92A9-73E9-489A-980B-20498A1816EF}.Debug|Any CPU.Build.0 = Debug|Any CPU
		{DDBC92A9-73E9-489A-980B-20498A1816EF}.Release|Any CPU.ActiveCfg = Release|Any CPU
		{DDBC92A9-73E9-489A-980B-20498A1816EF}.Release|Any CPU.Build.0 = Release|Any CPU
	EndGlobalSection
	GlobalSection(SolutionProperties) = preSolution
		HideSolutionNode = FALSE
	EndGlobalSection
	GlobalSection(ExtensibilityGlobals) = postSolution
		SolutionGuid = {DD7A28AC-F513-455A-A3BA-E8FBBED41421}
	EndGlobalSection
EndGlobal
